FORGE
  remote: https://forgeapi.puppetlabs.com
  specs:
    puppetlabs-nodejs (0.8.0)
      puppetlabs-stdlib (< 5.0.0, >= 2.2.1)
    puppetlabs-stdlib (4.11.0)

GIT
  remote: git://github.com/puppetlabs/puppetlabs-apt.git
  ref: master
  sha: 3df188f879d35836ec0c14298c5dbec06179dd18
  specs:
    puppetlabs-apt (2.1.1)
      puppetlabs-stdlib (< 5.0.0, >= 4.5.0)

GIT
  remote: git://github.com/stahnma/puppet-module-epel.git
  ref: master
  sha: 370922ee1e4522524c9d00f099c1882a00938b30
  specs:
    stahnma-epel (1.1.0)

DEPENDENCIES
  puppetlabs-apt (>= 0)
  puppetlabs-nodejs (= 0.8.0)
  stahnma-epel (>= 0)

