FORGE
  remote: https://forgeapi.puppetlabs.com
  specs:
    puppetlabs-stdlib (4.11.0)
    treydock-gpg_key (0.0.3)

GIT
  remote: git://github.com/puppetlabs/puppetlabs-apt.git
  ref: master
  sha: 3df188f879d35836ec0c14298c5dbec06179dd18
  specs:
    puppetlabs-apt (2.1.1)
      puppetlabs-stdlib (< 5.0.0, >= 4.5.0)

GIT
  remote: git://github.com/stahnma/puppet-module-epel.git
  ref: master
  sha: 370922ee1e4522524c9d00f099c1882a00938b30
  specs:
    stahnma-epel (1.1.0)

GIT
  remote: git://github.com/voxpupuli/puppet-nodejs.git
  ref: master
  sha: 61f3357376c51f6f4f94784c0c146ce7746d74bd
  specs:
    puppetlabs-nodejs (1.3.1-rc0)
      puppetlabs-stdlib (< 5.0.0, >= 4.1.0)
      treydock-gpg_key (< 1.0.0, >= 0.0.3)

DEPENDENCIES
  puppetlabs-apt (>= 0)
  puppetlabs-nodejs (>= 0)
  stahnma-epel (>= 0)

